
Microsoft Visual Studio Solution File, Format Version 12.00
# Visual Studio 15
VisualStudioVersion = 15.0.26124.0
MinimumVisualStudioVersion = 15.0.26124.0
Project("{2150E333-8FDC-42A3-9474-1A3956D46DE8}") = "src", "src", "{C8187BCE-E143-4543-B6BC-77A61FA20ED7}"
EndProject
Project("{FAE04EC0-301F-11D3-BF4B-00C04F79EFBC}") = "CommandAPI", "src\CommandAPI\CommandAPI.csproj", "{9B1A0CD5-66B4-4B11-B46E-796D8355CEA4}"
EndProject
Project("{2150E333-8FDC-42A3-9474-1A3956D46DE8}") = "test", "test", "{93632AE4-0355-4C53-B4E5-82B304E23282}"
EndProject
Project("{FAE04EC0-301F-11D3-BF4B-00C04F79EFBC}") = "CommandAPI.Tests", "test\CommandAPI.Tests\CommandAPI.Tests.csproj", "{E113BE14-145C-44F4-AD90-64C2F2EBB2F3}"
EndProject
Global
	GlobalSection(SolutionConfigurationPlatforms) = preSolution
		Debug|Any CPU = Debug|Any CPU
		Debug|x64 = Debug|x64
		Debug|x86 = Debug|x86
		Release|Any CPU = Release|Any CPU
		Release|x64 = Release|x64
		Release|x86 = Release|x86
	EndGlobalSection
	GlobalSection(SolutionProperties) = preSolution
		HideSolutionNode = FALSE
	EndGlobalSection
	GlobalSection(ProjectConfigurationPlatforms) = postSolution
		{9B1A0CD5-66B4-4B11-B46E-796D8355CEA4}.Debug|Any CPU.ActiveCfg = Debug|Any CPU
		{9B1A0CD5-66B4-4B11-B46E-796D8355CEA4}.Debug|Any CPU.Build.0 = Debug|Any CPU
		{9B1A0CD5-66B4-4B11-B46E-796D8355CEA4}.Debug|x64.ActiveCfg = Debug|Any CPU
		{9B1A0CD5-66B4-4B11-B46E-796D8355CEA4}.Debug|x64.Build.0 = Debug|Any CPU
		{9B1A0CD5-66B4-4B11-B46E-796D8355CEA4}.Debug|x86.ActiveCfg = Debug|Any CPU
		{9B1A0CD5-66B4-4B11-B46E-796D8355CEA4}.Debug|x86.Build.0 = Debug|Any CPU
		{9B1A0CD5-66B4-4B11-B46E-796D8355CEA4}.Release|Any CPU.ActiveCfg = Release|Any CPU
		{9B1A0CD5-66B4-4B11-B46E-796D8355CEA4}.Release|Any CPU.Build.0 = Release|Any CPU
		{9B1A0CD5-66B4-4B11-B46E-796D8355CEA4}.Release|x64.ActiveCfg = Release|Any CPU
		{9B1A0CD5-66B4-4B11-B46E-796D8355CEA4}.Release|x64.Build.0 = Release|Any CPU
		{9B1A0CD5-66B4-4B11-B46E-796D8355CEA4}.Release|x86.ActiveCfg = Release|Any CPU
		{9B1A0CD5-66B4-4B11-B46E-796D8355CEA4}.Release|x86.Build.0 = Release|Any CPU
		{E113BE14-145C-44F4-AD90-64C2F2EBB2F3}.Debug|Any CPU.ActiveCfg = Debug|Any CPU
		{E113BE14-145C-44F4-AD90-64C2F2EBB2F3}.Debug|Any CPU.Build.0 = Debug|Any CPU
		{E113BE14-145C-44F4-AD90-64C2F2EBB2F3}.Debug|x64.ActiveCfg = Debug|Any CPU
		{E113BE14-145C-44F4-AD90-64C2F2EBB2F3}.Debug|x64.Build.0 = Debug|Any CPU
		{E113BE14-145C-44F4-AD90-64C2F2EBB2F3}.Debug|x86.ActiveCfg = Debug|Any CPU
		{E113BE14-145C-44F4-AD90-64C2F2EBB2F3}.Debug|x86.Build.0 = Debug|Any CPU
		{E113BE14-145C-44F4-AD90-64C2F2EBB2F3}.Release|Any CPU.ActiveCfg = Release|Any CPU
		{E113BE14-145C-44F4-AD90-64C2F2EBB2F3}.Release|Any CPU.Build.0 = Release|Any CPU
		{E113BE14-145C-44F4-AD90-64C2F2EBB2F3}.Release|x64.ActiveCfg = Release|Any CPU
		{E113BE14-145C-44F4-AD90-64C2F2EBB2F3}.Release|x64.Build.0 = Release|Any CPU
		{E113BE14-145C-44F4-AD90-64C2F2EBB2F3}.Release|x86.ActiveCfg = Release|Any CPU
		{E113BE14-145C-44F4-AD90-64C2F2EBB2F3}.Release|x86.Build.0 = Release|Any CPU
	EndGlobalSection
	GlobalSection(NestedProjects) = preSolution
		{9B1A0CD5-66B4-4B11-B46E-796D8355CEA4} = {C8187BCE-E143-4543-B6BC-77A61FA20ED7}
		{E113BE14-145C-44F4-AD90-64C2F2EBB2F3} = {93632AE4-0355-4C53-B4E5-82B304E23282}
	EndGlobalSection
EndGlobal
